// !$*UTF8*$!
{
	archiveVersion = 1;
	classes = {
	};
	objectVersion = 46;
	objects = {

/* Begin PBXBuildFile section */
		1BDAD1391CF44F610088F70A /* AppDelegate.swift in Sources */ = {isa = PBXBuildFile; fileRef = 1BDAD1381CF44F610088F70A /* AppDelegate.swift */; };
		1BDAD13E1CF44F610088F70A /* Main.storyboard in Resources */ = {isa = PBXBuildFile; fileRef = 1BDAD13C1CF44F610088F70A /* Main.storyboard */; };
		1BDAD1401CF44F610088F70A /* Assets.xcassets in Resources */ = {isa = PBXBuildFile; fileRef = 1BDAD13F1CF44F610088F70A /* Assets.xcassets */; };
		1BDAD1431CF44F610088F70A /* LaunchScreen.storyboard in Resources */ = {isa = PBXBuildFile; fileRef = 1BDAD1411CF44F610088F70A /* LaunchScreen.storyboard */; };
		6B571D7C1D17FA1000A2003F /* WebViewController.swift in Sources */ = {isa = PBXBuildFile; fileRef = 6B571D7B1D17FA1000A2003F /* WebViewController.swift */; };
/* End PBXBuildFile section */

/* Begin PBXFileReference section */
		1BDAD1351CF44F610088F70A /* SecondApp_UI_Finished.app */ = {isa = PBXFileReference; explicitFileType = wrapper.application; includeInIndex = 0; path = SecondApp_UI_Finished.app; sourceTree = BUILT_PRODUCTS_DIR; };
		1BDAD1381CF44F610088F70A /* AppDelegate.swift */ = {isa = PBXFileReference; lastKnownFileType = sourcecode.swift; path = AppDelegate.swift; sourceTree = "<group>"; };
		1BDAD13D1CF44F610088F70A /* Base */ = {isa = PBXFileReference; lastKnownFileType = file.storyboard; name = Base; path = Base.lproj/Main.storyboard; sourceTree = "<group>"; };
		1BDAD13F1CF44F610088F70A /* Assets.xcassets */ = {isa = PBXFileReference; lastKnownFileType = folder.assetcatalog; path = Assets.xcassets; sourceTree = "<group>"; };
		1BDAD1421CF44F610088F70A /* Base */ = {isa = PBXFileReference; lastKnownFileType = file.storyboard; name = Base; path = Base.lproj/LaunchScreen.storyboard; sourceTree = "<group>"; };
		1BDAD1441CF44F610088F70A /* Info.plist */ = {isa = PBXFileReference; lastKnownFileType = text.plist.xml; path = Info.plist; sourceTree = "<group>"; };
		6B571D7B1D17FA1000A2003F /* WebViewController.swift */ = {isa = PBXFileReference; fileEncoding = 4; lastKnownFileType = sourcecode.swift; path = WebViewController.swift; sourceTree = "<group>"; };
/* End PBXFileReference section */

/* Begin PBXFrameworksBuildPhase section */
		1BDAD1321CF44F610088F70A /* Frameworks */ = {
			isa = PBXFrameworksBuildPhase;
			buildActionMask = 2147483647;
			files = (
			);
			runOnlyForDeploymentPostprocessing = 0;
		};
/* End PBXFrameworksBuildPhase section */

/* Begin PBXGroup section */
		1BDAD12C1CF44F610088F70A = {
			isa = PBXGroup;
			children = (
				1BDAD1371CF44F610088F70A /* SecondApp_UI_Finished */,
				1BDAD1361CF44F610088F70A /* Products */,
			);
			sourceTree = "<group>";
		};
		1BDAD1361CF44F610088F70A /* Products */ = {
			isa = PBXGroup;
			children = (
				1BDAD1351CF44F610088F70A /* SecondApp_UI_Finished.app */,
			);
			name = Products;
			sourceTree = "<group>";
		};
		1BDAD1371CF44F610088F70A /* SecondApp_UI_Finished */ = {
			isa = PBXGroup;
			children = (
				1BDAD1381CF44F610088F70A /* AppDelegate.swift */,
				1BDAD13C1CF44F610088F70A /* Main.storyboard */,
				1BDAD13F1CF44F610088F70A /* Assets.xcassets */,
				1BDAD1411CF44F610088F70A /* LaunchScreen.storyboard */,
				1BDAD1441CF44F610088F70A /* Info.plist */,
				6B571D7B1D17FA1000A2003F /* WebViewController.swift */,
			);
			path = SecondApp_UI_Finished;
			sourceTree = "<group>";
		};
/* End PBXGroup section */

/* Begin PBXNativeTarget section */
		1BDAD1341CF44F610088F70A /* SecondApp_UI_Finished */ = {
			isa = PBXNativeTarget;
			buildConfigurationList = 1BDAD1471CF44F610088F70A /* Build configuration list for PBXNativeTarget "SecondApp_UI_Finished" */;
			buildPhases = (
				1BDAD1311CF44F610088F70A /* Sources */,
				1BDAD1321CF44F610088F70A /* Frameworks */,
				1BDAD1331CF44F610088F70A /* Resources */,
			);
			buildRules = (
			);
			dependencies = (
			);
			name = SecondApp_UI_Finished;
			productName = SecondApp;
			productReference = 1BDAD1351CF44F610088F70A /* SecondApp_UI_Finished.app */;
			productType = "com.apple.product-type.application";
		};
/* End PBXNativeTarget section */

/* Begin PBXProject section */
		1BDAD12D1CF44F610088F70A /* Project object */ = {
			isa = PBXProject;
			attributes = {
				LastSwiftUpdateCheck = 0730;
				LastUpgradeCheck = 0730;
				ORGANIZATIONNAME = "Chris Price";
				TargetAttributes = {
					1BDAD1341CF44F610088F70A = {
						CreatedOnToolsVersion = 7.3.1;
					};
				};
			};
			buildConfigurationList = 1BDAD1301CF44F610088F70A /* Build configuration list for PBXProject "SecondApp_UI_Finished" */;
			compatibilityVersion = "Xcode 3.2";
			developmentRegion = English;
			hasScannedForEncodings = 0;
			knownRegions = (
				en,
				Base,
			);
			mainGroup = 1BDAD12C1CF44F610088F70A;
			productRefGroup = 1BDAD1361CF44F610088F70A /* Products */;
			projectDirPath = "";
			projectRoot = "";
			targets = (
				1BDAD1341CF44F610088F70A /* SecondApp_UI_Finished */,
			);
		};
/* End PBXProject section */

/* Begin PBXResourcesBuildPhase section */
		1BDAD1331CF44F610088F70A /* Resources */ = {
			isa = PBXResourcesBuildPhase;
			buildActionMask = 2147483647;
			files = (
				1BDAD1431CF44F610088F70A /* LaunchScreen.storyboard in Resources */,
				1BDAD1401CF44F610088F70A /* Assets.xcassets in Resources */,
				1BDAD13E1CF44F610088F70A /* Main.storyboard in Resources */,
			);
			runOnlyForDeploymentPostprocessing = 0;
		};
/* End PBXResourcesBuildPhase section */

/* Begin PBXSourcesBuildPhase section */
		1BDAD1311CF44F610088F70A /* Sources */ = {
			isa = PBXSourcesBuildPhase;
			buildActionMask = 2147483647;
			files = (
				1BDAD1391CF44F610088F70A /* AppDelegate.swift in Sources */,
				6B571D7C1D17FA1000A2003F /* WebViewController.swift in Sources */,
			);
			runOnlyForDeploymentPostprocessing = 0;
		};
/* End PBXSourcesBuildPhase section */

/* Begin PBXVariantGroup section */
		1BDAD13C1CF44F610088F70A /* Main.storyboard */ = {
			isa = PBXVariantGroup;
			children = (
				1BDAD13D1CF44F610088F70A /* Base */,
			);
			name = Main.storyboard;
			sourceTree = "<group>";
		};
		1BDAD1411CF44F610088F70A /* LaunchScreen.storyboard */ = {
			isa = PBXVariantGroup;
			children = (
				1BDAD1421CF44F610088F70A /* Base */,
			);
			name = LaunchScreen.storyboard;
			sourceTree = "<group>";
		};
/* End PBXVariantGroup section */

/* Begin XCBuildConfiguration section */
		1BDAD1451CF44F610088F70A /* Debug */ = {
			isa = XCBuildConfiguration;
			buildSettings = {
				ALWAYS_SEARCH_USER_PATHS = NO;
				CLANG_ANALYZER_NONNULL = YES;
				CLANG_CXX_LANGUAGE_STANDARD = "gnu++0x";
				CLANG_CXX_LIBRARY = "libc++";
				CLANG_ENABLE_MODULES = YES;
				CLANG_ENABLE_OBJC_ARC = YES;
				CLANG_WARN_BOOL_CONVERSION = YES;
				CLANG_WARN_CONSTANT_CONVERSION = YES;
				CLANG_WARN_DIRECT_OBJC_ISA_USAGE = YES_ERROR;
				CLANG_WARN_EMPTY_BODY = YES;
				CLANG_WARN_ENUM_CONVERSION = YES;
				CLANG_WARN_INT_CONVERSION = YES;
				CLANG_WARN_OBJC_ROOT_CLASS = YES_ERROR;
				CLANG_WARN_UNREACHABLE_CODE = YES;
				CLANG_WARN__DUPLICATE_METHOD_MATCH = YES;
				"CODE_SIGN_IDENTITY[sdk=iphoneos*]" = "iPhone Developer";
				COPY_PHASE_STRIP = NO;
				DEBUG_INFORMATION_FORMAT = dwarf;
				ENABLE_STRICT_OBJC_MSGSEND = YES;
				ENABLE_TESTABILITY = YES;
				GCC_C_LANGUAGE_STANDARD = gnu99;
				GCC_DYNAMIC_NO_PIC = NO;
				GCC_NO_COMMON_BLOCKS = YES;
				GCC_OPTIMIZATION_LEVEL = 0;
				GCC_PREPROCESSOR_DEFINITIONS = (
					"DEBUG=1",
					"$(inherited)",
				);
				GCC_WARN_64_TO_32_BIT_CONVERSION = YES;
				GCC_WARN_ABOUT_RETURN_TYPE = YES_ERROR;
				GCC_WARN_UNDECLARED_SELECTOR = YES;
				GCC_WARN_UNINITIALIZED_AUTOS = YES_AGGRESSIVE;
				GCC_WARN_UNUSED_FUNCTION = YES;
				GCC_WARN_UNUSED_VARIABLE = YES;
				IPHONEOS_DEPLOYMENT_TARGET = 9.3;
				MTL_ENABLE_DEBUG_INFO = YES;
				ONLY_ACTIVE_ARCH = YES;
				SDKROOT = iphoneos;
				SWIFT_OPTIMIZATION_LEVEL = "-Onone";
				TARGETED_DEVICE_FAMILY = "1,2";
			};
			name = Debug;
		};
		1BDAD1461CF44F610088F70A /* Release */ = {
			isa = XCBuildConfiguration;
			buildSettings = {
				ALWAYS_SEARCH_USER_PATHS = NO;
				CLANG_ANALYZER_NONNULL = YES;
				CLANG_CXX_LANGUAGE_STANDARD = "gnu++0x";
				CLANG_CXX_LIBRARY = "libc++";
				CLANG_ENABLE_MODULES = YES;
				CLANG_ENABLE_OBJC_ARC = YES;
				CLANG_WARN_BOOL_CONVERSION = YES;
				CLANG_WARN_CONSTANT_CONVERSION = YES;
				CLANG_WARN_DIRECT_OBJC_ISA_USAGE = YES_ERROR;
				CLANG_WARN_EMPTY_BODY = YES;
				CLANG_WARN_ENUM_CONVERSION = YES;
				CLANG_WARN_INT_CONVERSION = YES;
				CLANG_WARN_OBJC_ROOT_CLASS = YES_ERROR;
				CLANG_WARN_UNREACHABLE_CODE = YES;
				CLANG_WARN__DUPLICATE_METHOD_MATCH = YES;
				"CODE_SIGN_IDENTITY[sdk=iphoneos*]" = "iPhone Developer";
				COPY_PHASE_STRIP = NO;
				DEBUG_INFORMATION_FORMAT = "dwarf-with-dsym";
				ENABLE_NS_ASSERTIONS = NO;
				ENABLE_STRICT_OBJC_MSGSEND = YES;
				GCC_C_LANGUAGE_STANDARD = gnu99;
				GCC_NO_COMMON_BLOCKS = YES;
				GCC_WARN_64_TO_32_BIT_CONVERSION = YES;
				GCC_WARN_ABOUT_RETURN_TYPE = YES_ERROR;
				GCC_WARN_UNDECLARED_SELECTOR = YES;
				GCC_WARN_UNINITIALIZED_AUTOS = YES_AGGRESSIVE;
				GCC_WARN_UNUSED_FUNCTION = YES;
				GCC_WARN_UNUSED_VARIABLE = YES;
				IPHONEOS_DEPLOYMENT_TARGET = 9.3;
				MTL_ENABLE_DEBUG_INFO = NO;
				SDKROOT = iphoneos;
				TARGETED_DEVICE_FAMILY = "1,2";
				VALIDATE_PRODUCT = YES;
			};
			name = Release;
		};
		1BDAD1481CF44F610088F70A /* Debug */ = {
			isa = XCBuildConfiguration;
			buildSettings = {
				ASSETCATALOG_COMPILER_APPICON_NAME = AppIcon;
				INFOPLIST_FILE = SecondApp_UI_Finished/Info.plist;
				LD_RUNPATH_SEARCH_PATHS = "$(inherited) @executable_path/Frameworks";
				PRODUCT_BUNDLE_IDENTIFIER = "com.cjp.SecondApp-UI-Finished";
				PRODUCT_NAME = SecondApp_UI_Finished;
			};
			name = Debug;
		};
		1BDAD1491CF44F610088F70A /* Release */ = {
			isa = XCBuildConfiguration;
			buildSettings = {
				ASSETCATALOG_COMPILER_APPICON_NAME = AppIcon;
				INFOPLIST_FILE = SecondApp_UI_Finished/Info.plist;
				LD_RUNPATH_SEARCH_PATHS = "$(inherited) @executable_path/Frameworks";
				PRODUCT_BUNDLE_IDENTIFIER = "com.cjp.SecondApp-UI-Finished";
				PRODUCT_NAME = SecondApp_UI_Finished;
			};
			name = Release;
		};
/* End XCBuildConfiguration section */

/* Begin XCConfigurationList section */
		1BDAD1301CF44F610088F70A /* Build configuration list for PBXProject "SecondApp_UI_Finished" */ = {
			isa = XCConfigurationList;
			buildConfigurations = (
				1BDAD1451CF44F610088F70A /* Debug */,
				1BDAD1461CF44F610088F70A /* Release */,
			);
			defaultConfigurationIsVisible = 0;
			defaultConfigurationName = Release;
		};
		1BDAD1471CF44F610088F70A /* Build configuration list for PBXNativeTarget "SecondApp_UI_Finished" */ = {
			isa = XCConfigurationList;
			buildConfigurations = (
				1BDAD1481CF44F610088F70A /* Debug */,
				1BDAD1491CF44F610088F70A /* Release */,
			);
			defaultConfigurationIsVisible = 0;
			defaultConfigurationName = Release;
		};
/* End XCConfigurationList section */
	};
	rootObject = 1BDAD12D1CF44F610088F70A /* Project object */;
}
